
Microsoft Visual Studio Solution File, Format Version 12.00
# Visual Studio 15
VisualStudioVersion = 15.0.26124.0
MinimumVisualStudioVersion = 15.0.26124.0
Project("{FAE04EC0-301F-11D3-BF4B-00C04F79EFBC}") = "Trespasser", "Trespasser\Trespasser.csproj", "{29D94944-17B5-4C7A-A988-1EC6E9E3CEEF}"
EndProject
Project("{FAE04EC0-301F-11D3-BF4B-00C04F79EFBC}") = "Trespasser.Test", "Trespasser.Test\Trespasser.Test.csproj", "{DAC085D9-0D06-4033-B4FE-F37DFA5D3DC0}"
EndProject
Project("{FAE04EC0-301F-11D3-BF4B-00C04F79EFBC}") = "Trespasser.Test.Classes", "Trespasser.Test.Classes\Trespasser.Test.Classes.csproj", "{B51DCECB-0604-4DE1-B75A-6FCF4DD1E2B8}"
EndProject
Global
	GlobalSection(SolutionConfigurationPlatforms) = preSolution
		Debug|Any CPU = Debug|Any CPU
		Debug|x64 = Debug|x64
		Debug|x86 = Debug|x86
		Release|Any CPU = Release|Any CPU
		Release|x64 = Release|x64
		Release|x86 = Release|x86
	EndGlobalSection
	GlobalSection(SolutionProperties) = preSolution
		HideSolutionNode = FALSE
	EndGlobalSection
	GlobalSection(ProjectConfigurationPlatforms) = postSolution
		{29D94944-17B5-4C7A-A988-1EC6E9E3CEEF}.Debug|Any CPU.ActiveCfg = Debug|Any CPU
		{29D94944-17B5-4C7A-A988-1EC6E9E3CEEF}.Debug|Any CPU.Build.0 = Debug|Any CPU
		{29D94944-17B5-4C7A-A988-1EC6E9E3CEEF}.Debug|x64.ActiveCfg = Debug|Any CPU
		{29D94944-17B5-4C7A-A988-1EC6E9E3CEEF}.Debug|x64.Build.0 = Debug|Any CPU
		{29D94944-17B5-4C7A-A988-1EC6E9E3CEEF}.Debug|x86.ActiveCfg = Debug|Any CPU
		{29D94944-17B5-4C7A-A988-1EC6E9E3CEEF}.Debug|x86.Build.0 = Debug|Any CPU
		{29D94944-17B5-4C7A-A988-1EC6E9E3CEEF}.Release|Any CPU.ActiveCfg = Release|Any CPU
		{29D94944-17B5-4C7A-A988-1EC6E9E3CEEF}.Release|Any CPU.Build.0 = Release|Any CPU
		{29D94944-17B5-4C7A-A988-1EC6E9E3CEEF}.Release|x64.ActiveCfg = Release|Any CPU
		{29D94944-17B5-4C7A-A988-1EC6E9E3CEEF}.Release|x64.Build.0 = Release|Any CPU
		{29D94944-17B5-4C7A-A988-1EC6E9E3CEEF}.Release|x86.ActiveCfg = Release|Any CPU
		{29D94944-17B5-4C7A-A988-1EC6E9E3CEEF}.Release|x86.Build.0 = Release|Any CPU
		{DAC085D9-0D06-4033-B4FE-F37DFA5D3DC0}.Debug|Any CPU.ActiveCfg = Debug|Any CPU
		{DAC085D9-0D06-4033-B4FE-F37DFA5D3DC0}.Debug|Any CPU.Build.0 = Debug|Any CPU
		{DAC085D9-0D06-4033-B4FE-F37DFA5D3DC0}.Debug|x64.ActiveCfg = Debug|Any CPU
		{DAC085D9-0D06-4033-B4FE-F37DFA5D3DC0}.Debug|x64.Build.0 = Debug|Any CPU
		{DAC085D9-0D06-4033-B4FE-F37DFA5D3DC0}.Debug|x86.ActiveCfg = Debug|Any CPU
		{DAC085D9-0D06-4033-B4FE-F37DFA5D3DC0}.Debug|x86.Build.0 = Debug|Any CPU
		{DAC085D9-0D06-4033-B4FE-F37DFA5D3DC0}.Release|Any CPU.ActiveCfg = Release|Any CPU
		{DAC085D9-0D06-4033-B4FE-F37DFA5D3DC0}.Release|Any CPU.Build.0 = Release|Any CPU
		{DAC085D9-0D06-4033-B4FE-F37DFA5D3DC0}.Release|x64.ActiveCfg = Release|Any CPU
		{DAC085D9-0D06-4033-B4FE-F37DFA5D3DC0}.Release|x64.Build.0 = Release|Any CPU
		{DAC085D9-0D06-4033-B4FE-F37DFA5D3DC0}.Release|x86.ActiveCfg = Release|Any CPU
		{DAC085D9-0D06-4033-B4FE-F37DFA5D3DC0}.Release|x86.Build.0 = Release|Any CPU
		{B51DCECB-0604-4DE1-B75A-6FCF4DD1E2B8}.Debug|Any CPU.ActiveCfg = Debug|Any CPU
		{B51DCECB-0604-4DE1-B75A-6FCF4DD1E2B8}.Debug|Any CPU.Build.0 = Debug|Any CPU
		{B51DCECB-0604-4DE1-B75A-6FCF4DD1E2B8}.Debug|x64.ActiveCfg = Debug|Any CPU
		{B51DCECB-0604-4DE1-B75A-6FCF4DD1E2B8}.Debug|x64.Build.0 = Debug|Any CPU
		{B51DCECB-0604-4DE1-B75A-6FCF4DD1E2B8}.Debug|x86.ActiveCfg = Debug|Any CPU
		{B51DCECB-0604-4DE1-B75A-6FCF4DD1E2B8}.Debug|x86.Build.0 = Debug|Any CPU
		{B51DCECB-0604-4DE1-B75A-6FCF4DD1E2B8}.Release|Any CPU.ActiveCfg = Release|Any CPU
		{B51DCECB-0604-4DE1-B75A-6FCF4DD1E2B8}.Release|Any CPU.Build.0 = Release|Any CPU
		{B51DCECB-0604-4DE1-B75A-6FCF4DD1E2B8}.Release|x64.ActiveCfg = Release|Any CPU
		{B51DCECB-0604-4DE1-B75A-6FCF4DD1E2B8}.Release|x64.Build.0 = Release|Any CPU
		{B51DCECB-0604-4DE1-B75A-6FCF4DD1E2B8}.Release|x86.ActiveCfg = Release|Any CPU
		{B51DCECB-0604-4DE1-B75A-6FCF4DD1E2B8}.Release|x86.Build.0 = Release|Any CPU
	EndGlobalSection
EndGlobal
